# Generated by docker/bin/resolve-bases.sh. Do not edit by hand.
#
# name<TAB>series<TAB>reference@digest
#
# A tag moves, a digest does not. Every Dockerfile takes its base as a build
# argument (PHP_BASE, NGINX_BASE, DEBIAN_BASE, MANTICORE_BASE) whose default
# is the line below for the default series, so a plain "docker build" and the
# release CI resolve the same bytes. Building another PHP series means
# passing the PHP_BASE of that series:
#
#   docker build --build-arg PHP_VERSION=8.3 \
#       --build-arg PHP_BASE="$(docker/bin/resolve-bases.sh --get php-fpm 8.3)" \
#       docker/php
#
# PHP 7.4 is listed because setup.sh still offers it for an old KVS archive,
# and it builds. The upstream php:7.4-* images are unmaintained and receive no
# security update, so no 7.4 image is ever published: it stays a local build.
#
# Resolved on 2026-09-24.

# Build bases
php-fpm	7.4	php:7.4-fpm@sha256:3ac7c8c74b2b047c7cb273469d74fc0d59b857aa44043e6ea6a0084372811d5b
php-fpm	8.1	php:8.1-fpm@sha256:a3118db1911fdd3b3ac66605122ddc859286688ced86fc860fec6d19cc2d6c55
php-fpm	8.2	php:8.2-fpm@sha256:1f463b7af598ff098a5a0320084e5271ce571d16a592451db9c0bc3fd4d50381
php-fpm	8.3	php:8.3-fpm@sha256:8e5c924a9285dbb5e1a463f0bd6ef8aeb23054e361018012aae106ddf6f08871
php-fpm	8.4	php:8.4-fpm@sha256:223115611852f585846b5d30f0cd95de8af9b486ca3bf310174a143704fc71e3
php-cli	7.4	php:7.4-cli@sha256:620a6b9f4d4feef2210026172570465e9d0c1de79766418d3affd09190a7fda5
php-cli	8.1	php:8.1-cli@sha256:76e563191d1ade120313a8736df24154d21da5155c0756f147c0b01bd19d9087
php-cli	8.2	php:8.2-cli@sha256:af210e7ae016e41ed32644f126cc409db5c0910e8b122c67d42d9f0a2c07a156
php-cli	8.3	php:8.3-cli@sha256:1714c87d55b6c3c5b47bc8d3d0a6cd7a52b6a9cc3f9f950c9174be8a2e48b3ca
php-cli	8.4	php:8.4-cli@sha256:2b87a5d0c0465ade44b1bbec46e8f63520448a7bd7ec90a284dd8b8f0b07fd53
nginx	-	nginx:mainline@sha256:abe47724e466aeab9a345d8e46a221c2fa8953c7848bb4a3bd9976a7199f8cf2
debian	-	debian:trixie-slim@sha256:a99cfc517144bc59b1978475ec53b46ecabec7e43635402ee5b77cc54cd1b20a
manticore	-	manticoresearch/manticore:29.9.0@sha256:b5d22f83fd27f4efdf75d16ed8aceb5758f9bd1eade0841452aca8bf9382d6e9

# Images the compose file runs unchanged
mariadb	11.4	mariadb:11.4.13@sha256:70cc072b29b4a89ae07abb2d4da2c64678a7f2dfe092751bb51c87d67dc1338b
mariadb	11.8	mariadb:11.8.9@sha256:79d59758afc91b89b120b0a8904d637f5a3b3e1c4900f29b740d6d46c72fef68
memcached	-	memcached:1.6.45-alpine@sha256:9e4de012dc607573052061c0bcb38abc775e1dd59b24e7ac38d1892842094aaf
dragonfly	-	docker.dragonflydb.io/dragonflydb/dragonfly:v1.35.1@sha256:af7f7f1143269c7ffe4128451dff8f8fc09e157d885abcc9bafeec832d2928e6
acme	-	neilpang/acme.sh:3.1.6@sha256:9982fd2eea6db4da6fe9137faa34be5126945ab49c55864eb1a3c5917d4e3c7d
alpine	-	alpine:3.24.2@sha256:294b683cb724975bec92580e1e685676bd4b50bda910ddb8c51d4cabeaec77e6
