# Generated by docker/bin/resolve-bases.sh. Do not edit by hand.
#
# name<TAB>series<TAB>reference@digest
#
# A tag moves, a digest does not. Every Dockerfile takes its base as a build
# argument (PHP_BASE, NGINX_BASE, DEBIAN_BASE, MANTICORE_BASE) whose default
# is the line below for the default series, so a plain "docker build" and the
# release CI resolve the same bytes. Building another PHP series means
# passing the PHP_BASE of that series:
#
#   docker build --build-arg PHP_VERSION=8.3 \
#       --build-arg PHP_BASE="$(docker/bin/resolve-bases.sh --get php-fpm 8.3)" \
#       docker/php
#
# PHP 7.4 has no line: its php:7.4-* images are Debian 11, which lacks
# packages the PHP-FPM and cron images install, and receive no security
# update. setup.sh refuses a KVS archive that needs it.
#
# Resolved on 2026-10-06.

# Build bases
php-fpm	8.1	php:8.1-fpm@sha256:a3118db1911fdd3b3ac66605122ddc859286688ced86fc860fec6d19cc2d6c55
php-fpm	8.2	php:8.2-fpm@sha256:e6e6927a36650d475290dcfa032bc1ca2036769cc1976ccc7f69047f5ffd3cce
php-fpm	8.3	php:8.3-fpm@sha256:97e9367af2c37708155f4f9f23bbf13283c6b8e375a1ab175dde3dff2e24038e
php-fpm	8.4	php:8.4-fpm@sha256:14ae2e2ff06c5b60196e017cfdf4f21858f28cca794571d002171520272864f8
php-cli	8.1	php:8.1-cli@sha256:76e563191d1ade120313a8736df24154d21da5155c0756f147c0b01bd19d9087
php-cli	8.2	php:8.2-cli@sha256:185eb902246c5757dbbb7e439bf92dfea32f627a401b1e2785bee0770fe0c41b
php-cli	8.3	php:8.3-cli@sha256:005cf2ef7f7aa8c17cefa1b732e7f027065c9589d69b4abdd644a02782fbc94f
php-cli	8.4	php:8.4-cli@sha256:43f7d0151e05f830723af673115e6e0fc0d8251d52e79597359e5e935f8112c1
nginx	-	nginx:mainline@sha256:f9ea18bfa4fad859e1ed38259d711da7ccad2c3516e875cec3351a57c859f571
debian	-	debian:trixie-slim@sha256:a29215f6a35e51e22adffa17f89e9d2ef06214e64a2bad10d765c46aea49f11f
manticore	-	manticoresearch/manticore:29.9.0@sha256:461b419739a2bbbffb4be0b32db26c41d7b435bf7fd1fce95b414ca5ccbb3775

# Images the compose file runs unchanged
mariadb	11.4	mariadb:11.4.13@sha256:1292844148b311e4ed4300022a996d39083f415a963e970cf47cad1b3b18e3a6
mariadb	11.8	mariadb:11.8.9@sha256:6422478cb8e159f080fb1d8ccf65101e26fe51385787fde7d16c3b165a331f15
mariadb	12.3	mariadb:12.3.3@sha256:2bdff1534a7e569fecaf4b10b66ad0d410806e382d9db29ba305448addda97c4
memcached	-	memcached:1.6.45-alpine@sha256:9e4de012dc607573052061c0bcb38abc775e1dd59b24e7ac38d1892842094aaf
dragonfly	-	docker.dragonflydb.io/dragonflydb/dragonfly:v1.35.1@sha256:af7f7f1143269c7ffe4128451dff8f8fc09e157d885abcc9bafeec832d2928e6
acme	-	neilpang/acme.sh:3.1.6@sha256:af6dbefd9d4fe891963528b6f59f82167de0d18251bcd5aaac67adf02863de7a
alpine	-	alpine:3.24.2@sha256:294b683cb724975bec92580e1e685676bd4b50bda910ddb8c51d4cabeaec77e6
